# THIS IS AN AUTOGENERATED FILE. DO NOT EDIT THIS FILE DIRECTLY.
# yarn lockfile v1


"@rbxts/beacon@^2.1.1":
  version "2.1.1"
  resolved "https://registry.yarnpkg.com/@rbxts/beacon/-/beacon-2.1.1.tgz#a9b02466ff02fbc2bc64e1e2cca52b2e85605a63"
  integrity sha512-QeFMSGj+Iijp+tHcV9eyqVyeKZ/9zp7GqRJ/hecKiHmoTu4yFcyGnUQAaX7OdQKBCgLvWMJ9wK/FXMECjFA2Kg==

"@rbxts/compiler-types@^2.1.1-types.0":
  version "2.1.1-types.0"
  resolved "https://registry.yarnpkg.com/@rbxts/compiler-types/-/compiler-types-2.1.1-types.0.tgz#a1f02b57402dffec474dd6656ec1d8a897b9756b"
  integrity sha512-wBRma9MgPbOxvCaQEUvraHLHAmLFGW9R6fT65+MBu3uCYM6vUNWj8l4dHRxgkUK8lnGYdGWxsr/sZFk8sdvwog==

"@rbxts/object-utils@^1.0.4":
  version "1.0.4"
  resolved "https://registry.yarnpkg.com/@rbxts/object-utils/-/object-utils-1.0.4.tgz#c53d80f89e75c401365446be63fa1396bc2cffe7"
  integrity sha512-dLLhf022ipV+9i910sOE7kl9losKHoon0WgeerHqVMQA5EYsLUsVT2AxhJuhk8MiDn5oJ2GiFofE/LadY9TpJQ==

"@rbxts/services@^1.5.1":
  version "1.5.1"
  resolved "https://registry.yarnpkg.com/@rbxts/services/-/services-1.5.1.tgz#4536a87932f28797507ed591f0061277c52ea77f"
  integrity sha512-SRtfIjga0K4YYSXRpK+eH3kcTq7ZXo9OHOt0jszaOOoEOIJloMGlyuRPqesPHyhveh2AMXAZr3TYbRMSD+u+kQ==

"@rbxts/types@^1.0.714":
  version "1.0.714"
  resolved "https://registry.yarnpkg.com/@rbxts/types/-/types-1.0.714.tgz#a8f1334582e95e7b8d276fd44808c223774e3e27"
  integrity sha512-6voqpRotKWoMNpmD/PoXb0xA0CEUZmy1xZn/gD0bSQOI27WcgLk500eUG0jfBoTa+EOktvdk2Fv0oSgbgXVovQ==

"@voxelified/kel@^0.0.3":
  version "0.0.3"
  resolved "https://registry.yarnpkg.com/@voxelified/kel/-/kel-0.0.3.tgz#aa77a9f4ac45364b02b4ca539291c039abd69ee6"
  integrity sha512-zGYNSFfijMn1g7fq0D+1u+d4tRtemMmfL3Ou7VYcV5nlKe2qsggIpdisPt4oWwmI+fnVhn9Lhmkhd4pAAwsQaw==
  dependencies:
    "@rbxts/object-utils" "^1.0.4"
    "@rbxts/services" "^1.5.1"

typescript@^5.2.2:
  version "5.2.2"
  resolved "https://registry.yarnpkg.com/typescript/-/typescript-5.2.2.tgz#5ebb5e5a5b75f085f22bc3f8460fba308310fa78"
  integrity sha512-mI4WrpHsbCIcwT9cF4FZvr80QUeKvsUsUvKDoR+X/7XHQH98xYD8YHZg7ANtz2GtZt/CBq2QJ0thkGJMHfqc1w==
